
Microsoft Visual Studio Solution File, Format Version 12.00
# Visual Studio Version 16
VisualStudioVersion = 16.0.32126.315
MinimumVisualStudioVersion = 15.0.28307.421
Project("{FAE04EC0-301F-11D3-BF4B-00C04F79EFBC}") = "SPBypassLoginPage", "SPBypassLoginPage\SPBypassLoginPage.csproj", "{EF493EBD-6855-4206-BE5B-DB63422BCFE9}"
EndProject
Global
	GlobalSection(SolutionConfigurationPlatforms) = preSolution
		Debug|Any CPU = Debug|Any CPU
		SP2013|Any CPU = SP2013|Any CPU
		SP2016|Any CPU = SP2016|Any CPU
		SP2019|Any CPU = SP2019|Any CPU
		SPSE|Any CPU = SPSE|Any CPU
	EndGlobalSection
	GlobalSection(ProjectConfigurationPlatforms) = postSolution
		{EF493EBD-6855-4206-BE5B-DB63422BCFE9}.Debug|Any CPU.ActiveCfg = Debug|Any CPU
		{EF493EBD-6855-4206-BE5B-DB63422BCFE9}.Debug|Any CPU.Build.0 = Debug|Any CPU
		{EF493EBD-6855-4206-BE5B-DB63422BCFE9}.Debug|Any CPU.Deploy.0 = Debug|Any CPU
		{EF493EBD-6855-4206-BE5B-DB63422BCFE9}.SP2013|Any CPU.ActiveCfg = SP2013|Any CPU
		{EF493EBD-6855-4206-BE5B-DB63422BCFE9}.SP2013|Any CPU.Build.0 = SP2013|Any CPU
		{EF493EBD-6855-4206-BE5B-DB63422BCFE9}.SP2013|Any CPU.Deploy.0 = SP2013|Any CPU
		{EF493EBD-6855-4206-BE5B-DB63422BCFE9}.SP2016|Any CPU.ActiveCfg = SP2016|Any CPU
		{EF493EBD-6855-4206-BE5B-DB63422BCFE9}.SP2016|Any CPU.Build.0 = SP2016|Any CPU
		{EF493EBD-6855-4206-BE5B-DB63422BCFE9}.SP2016|Any CPU.Deploy.0 = SP2016|Any CPU
		{EF493EBD-6855-4206-BE5B-DB63422BCFE9}.SP2019|Any CPU.ActiveCfg = SP2019|Any CPU
		{EF493EBD-6855-4206-BE5B-DB63422BCFE9}.SP2019|Any CPU.Build.0 = SP2019|Any CPU
		{EF493EBD-6855-4206-BE5B-DB63422BCFE9}.SP2019|Any CPU.Deploy.0 = SP2019|Any CPU
		{EF493EBD-6855-4206-BE5B-DB63422BCFE9}.SPSE|Any CPU.ActiveCfg = SPSE|Any CPU
		{EF493EBD-6855-4206-BE5B-DB63422BCFE9}.SPSE|Any CPU.Build.0 = SPSE|Any CPU
		{EF493EBD-6855-4206-BE5B-DB63422BCFE9}.SPSE|Any CPU.Deploy.0 = SPSE|Any CPU
	EndGlobalSection
	GlobalSection(SolutionProperties) = preSolution
		HideSolutionNode = FALSE
	EndGlobalSection
	GlobalSection(ExtensibilityGlobals) = postSolution
		SolutionGuid = {80703C52-9004-4773-B74B-516744363935}
	EndGlobalSection
EndGlobal
